// !$*UTF8*$!
{
	archiveVersion = 1;
	classes = {
	};
	objectVersion = 46;
	objects = {

/* Begin PBXBuildFile section */
		BA0CB5251B7E495A001294C3 /* main.m in Sources */ = {isa = PBXBuildFile; fileRef = BA0CB5241B7E495A001294C3 /* main.m */; };
		BA0CB5281B7E495A001294C3 /* AppDelegate.m in Sources */ = {isa = PBXBuildFile; fileRef = BA0CB5271B7E495A001294C3 /* AppDelegate.m */; };
		BA0CB52B1B7E495A001294C3 /* ViewController.m in Sources */ = {isa = PBXBuildFile; fileRef = BA0CB52A1B7E495A001294C3 /* ViewController.m */; };
		BA0CB52E1B7E495A001294C3 /* Main.storyboard in Resources */ = {isa = PBXBuildFile; fileRef = BA0CB52C1B7E495A001294C3 /* Main.storyboard */; };
		BA0CB5301B7E495A001294C3 /* Images.xcassets in Resources */ = {isa = PBXBuildFile; fileRef = BA0CB52F1B7E495A001294C3 /* Images.xcassets */; };
		BA0CB5331B7E495A001294C3 /* LaunchScreen.xib in Resources */ = {isa = PBXBuildFile; fileRef = BA0CB5311B7E495A001294C3 /* LaunchScreen.xib */; };
		BA0CB53F1B7E495A001294C3 /* IHakulaInfrastructureTestingTests.m in Sources */ = {isa = PBXBuildFile; fileRef = BA0CB53E1B7E495A001294C3 /* IHakulaInfrastructureTestingTests.m */; };
		BD15DA987C47861CD384B51D /* Pods_IHakulaInfrastructureTesting.framework in Frameworks */ = {isa = PBXBuildFile; fileRef = ADB94F1910BECAD86959DCF4 /* Pods_IHakulaInfrastructureTesting.framework */; settings = {ATTRIBUTES = (Weak, ); }; };
/* End PBXBuildFile section */

/* Begin PBXContainerItemProxy section */
		BA0CB5391B7E495A001294C3 /* PBXContainerItemProxy */ = {
			isa = PBXContainerItemProxy;
			containerPortal = BA0CB5171B7E495A001294C3 /* Project object */;
			proxyType = 1;
			remoteGlobalIDString = BA0CB51E1B7E495A001294C3;
			remoteInfo = IHakulaInfrastructureTesting;
		};
/* End PBXContainerItemProxy section */

/* Begin PBXFileReference section */
		99EBC6EAA9941E666838995E /* Pods-IHakulaInfrastructureTesting.debug.xcconfig */ = {isa = PBXFileReference; includeInIndex = 1; lastKnownFileType = text.xcconfig; name = "Pods-IHakulaInfrastructureTesting.debug.xcconfig"; path = "Pods/Target Support Files/Pods-IHakulaInfrastructureTesting/Pods-IHakulaInfrastructureTesting.debug.xcconfig"; sourceTree = "<group>"; };
		ADB94F1910BECAD86959DCF4 /* Pods_IHakulaInfrastructureTesting.framework */ = {isa = PBXFileReference; explicitFileType = wrapper.framework; includeInIndex = 0; path = Pods_IHakulaInfrastructureTesting.framework; sourceTree = BUILT_PRODUCTS_DIR; };
		BA0CB51F1B7E495A001294C3 /* IHakulaInfrastructureTesting.app */ = {isa = PBXFileReference; explicitFileType = wrapper.application; includeInIndex = 0; path = IHakulaInfrastructureTesting.app; sourceTree = BUILT_PRODUCTS_DIR; };
		BA0CB5231B7E495A001294C3 /* Info.plist */ = {isa = PBXFileReference; lastKnownFileType = text.plist.xml; path = Info.plist; sourceTree = "<group>"; };
		BA0CB5241B7E495A001294C3 /* main.m */ = {isa = PBXFileReference; lastKnownFileType = sourcecode.c.objc; path = main.m; sourceTree = "<group>"; };
		BA0CB5261B7E495A001294C3 /* AppDelegate.h */ = {isa = PBXFileReference; lastKnownFileType = sourcecode.c.h; path = AppDelegate.h; sourceTree = "<group>"; };
		BA0CB5271B7E495A001294C3 /* AppDelegate.m */ = {isa = PBXFileReference; lastKnownFileType = sourcecode.c.objc; path = AppDelegate.m; sourceTree = "<group>"; };
		BA0CB5291B7E495A001294C3 /* ViewController.h */ = {isa = PBXFileReference; lastKnownFileType = sourcecode.c.h; path = ViewController.h; sourceTree = "<group>"; };
		BA0CB52A1B7E495A001294C3 /* ViewController.m */ = {isa = PBXFileReference; lastKnownFileType = sourcecode.c.objc; path = ViewController.m; sourceTree = "<group>"; };
		BA0CB52D1B7E495A001294C3 /* Base */ = {isa = PBXFileReference; lastKnownFileType = file.storyboard; name = Base; path = Base.lproj/Main.storyboard; sourceTree = "<group>"; };
		BA0CB52F1B7E495A001294C3 /* Images.xcassets */ = {isa = PBXFileReference; lastKnownFileType = folder.assetcatalog; path = Images.xcassets; sourceTree = "<group>"; };
		BA0CB5321B7E495A001294C3 /* Base */ = {isa = PBXFileReference; lastKnownFileType = file.xib; name = Base; path = Base.lproj/LaunchScreen.xib; sourceTree = "<group>"; };
		BA0CB5381B7E495A001294C3 /* IHakulaInfrastructureTestingTests.xctest */ = {isa = PBXFileReference; explicitFileType = wrapper.cfbundle; includeInIndex = 0; path = IHakulaInfrastructureTestingTests.xctest; sourceTree = BUILT_PRODUCTS_DIR; };
		BA0CB53D1B7E495A001294C3 /* Info.plist */ = {isa = PBXFileReference; lastKnownFileType = text.plist.xml; path = Info.plist; sourceTree = "<group>"; };
		BA0CB53E1B7E495A001294C3 /* IHakulaInfrastructureTestingTests.m */ = {isa = PBXFileReference; lastKnownFileType = sourcecode.c.objc; path = IHakulaInfrastructureTestingTests.m; sourceTree = "<group>"; };
		EAB9B2BE683BED4359F532B1 /* Pods-IHakulaInfrastructureTesting.release.xcconfig */ = {isa = PBXFileReference; includeInIndex = 1; lastKnownFileType = text.xcconfig; name = "Pods-IHakulaInfrastructureTesting.release.xcconfig"; path = "Pods/Target Support Files/Pods-IHakulaInfrastructureTesting/Pods-IHakulaInfrastructureTesting.release.xcconfig"; sourceTree = "<group>"; };
/* End PBXFileReference section */

/* Begin PBXFrameworksBuildPhase section */
		BA0CB51C1B7E495A001294C3 /* Frameworks */ = {
			isa = PBXFrameworksBuildPhase;
			buildActionMask = 2147483647;
			files = (
				BD15DA987C47861CD384B51D /* Pods_IHakulaInfrastructureTesting.framework in Frameworks */,
			);
			runOnlyForDeploymentPostprocessing = 0;
		};
		BA0CB5351B7E495A001294C3 /* Frameworks */ = {
			isa = PBXFrameworksBuildPhase;
			buildActionMask = 2147483647;
			files = (
			);
			runOnlyForDeploymentPostprocessing = 0;
		};
/* End PBXFrameworksBuildPhase section */

/* Begin PBXGroup section */
		BA0CB5161B7E495A001294C3 = {
			isa = PBXGroup;
			children = (
				BA0CB5211B7E495A001294C3 /* IHakulaInfrastructureTesting */,
				BA0CB53B1B7E495A001294C3 /* IHakulaInfrastructureTestingTests */,
				BA0CB5201B7E495A001294C3 /* Products */,
				BB019050AE3DB621465D9A0D /* Pods */,
				DC90BE2C9DB9811A6E12D8EF /* Frameworks */,
			);
			sourceTree = "<group>";
		};
		BA0CB5201B7E495A001294C3 /* Products */ = {
			isa = PBXGroup;
			children = (
				BA0CB51F1B7E495A001294C3 /* IHakulaInfrastructureTesting.app */,
				BA0CB5381B7E495A001294C3 /* IHakulaInfrastructureTestingTests.xctest */,
			);
			name = Products;
			sourceTree = "<group>";
		};
		BA0CB5211B7E495A001294C3 /* IHakulaInfrastructureTesting */ = {
			isa = PBXGroup;
			children = (
				BA0CB5261B7E495A001294C3 /* AppDelegate.h */,
				BA0CB5271B7E495A001294C3 /* AppDelegate.m */,
				BA0CB5291B7E495A001294C3 /* ViewController.h */,
				BA0CB52A1B7E495A001294C3 /* ViewController.m */,
				BA0CB52C1B7E495A001294C3 /* Main.storyboard */,
				BA0CB52F1B7E495A001294C3 /* Images.xcassets */,
				BA0CB5311B7E495A001294C3 /* LaunchScreen.xib */,
				BA0CB5221B7E495A001294C3 /* Supporting Files */,
			);
			path = IHakulaInfrastructureTesting;
			sourceTree = "<group>";
		};
		BA0CB5221B7E495A001294C3 /* Supporting Files */ = {
			isa = PBXGroup;
			children = (
				BA0CB5231B7E495A001294C3 /* Info.plist */,
				BA0CB5241B7E495A001294C3 /* main.m */,
			);
			name = "Supporting Files";
			sourceTree = "<group>";
		};
		BA0CB53B1B7E495A001294C3 /* IHakulaInfrastructureTestingTests */ = {
			isa = PBXGroup;
			children = (
				BA0CB53E1B7E495A001294C3 /* IHakulaInfrastructureTestingTests.m */,
				BA0CB53C1B7E495A001294C3 /* Supporting Files */,
			);
			path = IHakulaInfrastructureTestingTests;
			sourceTree = "<group>";
		};
		BA0CB53C1B7E495A001294C3 /* Supporting Files */ = {
			isa = PBXGroup;
			children = (
				BA0CB53D1B7E495A001294C3 /* Info.plist */,
			);
			name = "Supporting Files";
			sourceTree = "<group>";
		};
		BB019050AE3DB621465D9A0D /* Pods */ = {
			isa = PBXGroup;
			children = (
				99EBC6EAA9941E666838995E /* Pods-IHakulaInfrastructureTesting.debug.xcconfig */,
				EAB9B2BE683BED4359F532B1 /* Pods-IHakulaInfrastructureTesting.release.xcconfig */,
			);
			name = Pods;
			sourceTree = "<group>";
		};
		DC90BE2C9DB9811A6E12D8EF /* Frameworks */ = {
			isa = PBXGroup;
			children = (
				ADB94F1910BECAD86959DCF4 /* Pods_IHakulaInfrastructureTesting.framework */,
			);
			name = Frameworks;
			sourceTree = "<group>";
		};
/* End PBXGroup section */

/* Begin PBXNativeTarget section */
		BA0CB51E1B7E495A001294C3 /* IHakulaInfrastructureTesting */ = {
			isa = PBXNativeTarget;
			buildConfigurationList = BA0CB5421B7E495A001294C3 /* Build configuration list for PBXNativeTarget "IHakulaInfrastructureTesting" */;
			buildPhases = (
				C3CE180A0713AE1EFE331234 /* Check Pods Manifest.lock */,
				BA0CB51B1B7E495A001294C3 /* Sources */,
				BA0CB51C1B7E495A001294C3 /* Frameworks */,
				BA0CB51D1B7E495A001294C3 /* Resources */,
				603ABF806D6D9CD67BFFF523 /* Embed Pods Frameworks */,
				8E2433AC16EEA5656C8E31D9 /* Copy Pods Resources */,
			);
			buildRules = (
			);
			dependencies = (
			);
			name = IHakulaInfrastructureTesting;
			productName = IHakulaInfrastructureTesting;
			productReference = BA0CB51F1B7E495A001294C3 /* IHakulaInfrastructureTesting.app */;
			productType = "com.apple.product-type.application";
		};
		BA0CB5371B7E495A001294C3 /* IHakulaInfrastructureTestingTests */ = {
			isa = PBXNativeTarget;
			buildConfigurationList = BA0CB5451B7E495A001294C3 /* Build configuration list for PBXNativeTarget "IHakulaInfrastructureTestingTests" */;
			buildPhases = (
				BA0CB5341B7E495A001294C3 /* Sources */,
				BA0CB5351B7E495A001294C3 /* Frameworks */,
				BA0CB5361B7E495A001294C3 /* Resources */,
			);
			buildRules = (
			);
			dependencies = (
				BA0CB53A1B7E495A001294C3 /* PBXTargetDependency */,
			);
			name = IHakulaInfrastructureTestingTests;
			productName = IHakulaInfrastructureTestingTests;
			productReference = BA0CB5381B7E495A001294C3 /* IHakulaInfrastructureTestingTests.xctest */;
			productType = "com.apple.product-type.bundle.unit-test";
		};
/* End PBXNativeTarget section */

/* Begin PBXProject section */
		BA0CB5171B7E495A001294C3 /* Project object */ = {
			isa = PBXProject;
			attributes = {
				LastUpgradeCheck = 0640;
				ORGANIZATIONNAME = ihakula;
				TargetAttributes = {
					BA0CB51E1B7E495A001294C3 = {
						CreatedOnToolsVersion = 6.4;
					};
					BA0CB5371B7E495A001294C3 = {
						CreatedOnToolsVersion = 6.4;
						TestTargetID = BA0CB51E1B7E495A001294C3;
					};
				};
			};
			buildConfigurationList = BA0CB51A1B7E495A001294C3 /* Build configuration list for PBXProject "IHakulaInfrastructureTesting" */;
			compatibilityVersion = "Xcode 3.2";
			developmentRegion = English;
			hasScannedForEncodings = 0;
			knownRegions = (
				en,
				Base,
			);
			mainGroup = BA0CB5161B7E495A001294C3;
			productRefGroup = BA0CB5201B7E495A001294C3 /* Products */;
			projectDirPath = "";
			projectRoot = "";
			targets = (
				BA0CB51E1B7E495A001294C3 /* IHakulaInfrastructureTesting */,
				BA0CB5371B7E495A001294C3 /* IHakulaInfrastructureTestingTests */,
			);
		};
/* End PBXProject section */

/* Begin PBXResourcesBuildPhase section */
		BA0CB51D1B7E495A001294C3 /* Resources */ = {
			isa = PBXResourcesBuildPhase;
			buildActionMask = 2147483647;
			files = (
				BA0CB52E1B7E495A001294C3 /* Main.storyboard in Resources */,
				BA0CB5331B7E495A001294C3 /* LaunchScreen.xib in Resources */,
				BA0CB5301B7E495A001294C3 /* Images.xcassets in Resources */,
			);
			runOnlyForDeploymentPostprocessing = 0;
		};
		BA0CB5361B7E495A001294C3 /* Resources */ = {
			isa = PBXResourcesBuildPhase;
			buildActionMask = 2147483647;
			files = (
			);
			runOnlyForDeploymentPostprocessing = 0;
		};
/* End PBXResourcesBuildPhase section */

/* Begin PBXShellScriptBuildPhase section */
		603ABF806D6D9CD67BFFF523 /* Embed Pods Frameworks */ = {
			isa = PBXShellScriptBuildPhase;
			buildActionMask = 2147483647;
			files = (
			);
			inputPaths = (
			);
			name = "Embed Pods Frameworks";
			outputPaths = (
			);
			runOnlyForDeploymentPostprocessing = 0;
			shellPath = /bin/sh;
			shellScript = "\"${SRCROOT}/Pods/Target Support Files/Pods-IHakulaInfrastructureTesting/Pods-IHakulaInfrastructureTesting-frameworks.sh\"\n";
			showEnvVarsInLog = 0;
		};
		8E2433AC16EEA5656C8E31D9 /* Copy Pods Resources */ = {
			isa = PBXShellScriptBuildPhase;
			buildActionMask = 2147483647;
			files = (
			);
			inputPaths = (
			);
			name = "Copy Pods Resources";
			outputPaths = (
			);
			runOnlyForDeploymentPostprocessing = 0;
			shellPath = /bin/sh;
			shellScript = "\"${SRCROOT}/Pods/Target Support Files/Pods-IHakulaInfrastructureTesting/Pods-IHakulaInfrastructureTesting-resources.sh\"\n";
			showEnvVarsInLog = 0;
		};
		C3CE180A0713AE1EFE331234 /* Check Pods Manifest.lock */ = {
			isa = PBXShellScriptBuildPhase;
			buildActionMask = 2147483647;
			files = (
			);
			inputPaths = (
			);
			name = "Check Pods Manifest.lock";
			outputPaths = (
			);
			runOnlyForDeploymentPostprocessing = 0;
			shellPath = /bin/sh;
			shellScript = "diff \"${PODS_ROOT}/../Podfile.lock\" \"${PODS_ROOT}/Manifest.lock\" > /dev/null\nif [[ $? != 0 ]] ; then\n    cat << EOM\nerror: The sandbox is not in sync with the Podfile.lock. Run 'pod install' or update your CocoaPods installation.\nEOM\n    exit 1\nfi\n";
			showEnvVarsInLog = 0;
		};
/* End PBXShellScriptBuildPhase section */

/* Begin PBXSourcesBuildPhase section */
		BA0CB51B1B7E495A001294C3 /* Sources */ = {
			isa = PBXSourcesBuildPhase;
			buildActionMask = 2147483647;
			files = (
				BA0CB52B1B7E495A001294C3 /* ViewController.m in Sources */,
				BA0CB5281B7E495A001294C3 /* AppDelegate.m in Sources */,
				BA0CB5251B7E495A001294C3 /* main.m in Sources */,
			);
			runOnlyForDeploymentPostprocessing = 0;
		};
		BA0CB5341B7E495A001294C3 /* Sources */ = {
			isa = PBXSourcesBuildPhase;
			buildActionMask = 2147483647;
			files = (
				BA0CB53F1B7E495A001294C3 /* IHakulaInfrastructureTestingTests.m in Sources */,
			);
			runOnlyForDeploymentPostprocessing = 0;
		};
/* End PBXSourcesBuildPhase section */

/* Begin PBXTargetDependency section */
		BA0CB53A1B7E495A001294C3 /* PBXTargetDependency */ = {
			isa = PBXTargetDependency;
			target = BA0CB51E1B7E495A001294C3 /* IHakulaInfrastructureTesting */;
			targetProxy = BA0CB5391B7E495A001294C3 /* PBXContainerItemProxy */;
		};
/* End PBXTargetDependency section */

/* Begin PBXVariantGroup section */
		BA0CB52C1B7E495A001294C3 /* Main.storyboard */ = {
			isa = PBXVariantGroup;
			children = (
				BA0CB52D1B7E495A001294C3 /* Base */,
			);
			name = Main.storyboard;
			sourceTree = "<group>";
		};
		BA0CB5311B7E495A001294C3 /* LaunchScreen.xib */ = {
			isa = PBXVariantGroup;
			children = (
				BA0CB5321B7E495A001294C3 /* Base */,
			);
			name = LaunchScreen.xib;
			sourceTree = "<group>";
		};
/* End PBXVariantGroup section */

/* Begin XCBuildConfiguration section */
		BA0CB5401B7E495A001294C3 /* Debug */ = {
			isa = XCBuildConfiguration;
			buildSettings = {
				ALWAYS_SEARCH_USER_PATHS = NO;
				CLANG_CXX_LANGUAGE_STANDARD = "gnu++0x";
				CLANG_CXX_LIBRARY = "libc++";
				CLANG_ENABLE_MODULES = YES;
				CLANG_ENABLE_OBJC_ARC = YES;
				CLANG_WARN_BOOL_CONVERSION = YES;
				CLANG_WARN_CONSTANT_CONVERSION = YES;
				CLANG_WARN_DIRECT_OBJC_ISA_USAGE = YES_ERROR;
				CLANG_WARN_EMPTY_BODY = YES;
				CLANG_WARN_ENUM_CONVERSION = YES;
				CLANG_WARN_INT_CONVERSION = YES;
				CLANG_WARN_OBJC_ROOT_CLASS = YES_ERROR;
				CLANG_WARN_UNREACHABLE_CODE = YES;
				CLANG_WARN__DUPLICATE_METHOD_MATCH = YES;
				"CODE_SIGN_IDENTITY[sdk=iphoneos*]" = "iPhone Developer";
				COPY_PHASE_STRIP = NO;
				DEBUG_INFORMATION_FORMAT = "dwarf-with-dsym";
				ENABLE_STRICT_OBJC_MSGSEND = YES;
				GCC_C_LANGUAGE_STANDARD = gnu99;
				GCC_DYNAMIC_NO_PIC = NO;
				GCC_NO_COMMON_BLOCKS = YES;
				GCC_OPTIMIZATION_LEVEL = 0;
				GCC_PREPROCESSOR_DEFINITIONS = (
					"DEBUG=1",
					"$(inherited)",
				);
				GCC_SYMBOLS_PRIVATE_EXTERN = NO;
				GCC_WARN_64_TO_32_BIT_CONVERSION = YES;
				GCC_WARN_ABOUT_RETURN_TYPE = YES_ERROR;
				GCC_WARN_UNDECLARED_SELECTOR = YES;
				GCC_WARN_UNINITIALIZED_AUTOS = YES_AGGRESSIVE;
				GCC_WARN_UNUSED_FUNCTION = YES;
				GCC_WARN_UNUSED_VARIABLE = YES;
				IPHONEOS_DEPLOYMENT_TARGET = 8.4;
				MTL_ENABLE_DEBUG_INFO = YES;
				ONLY_ACTIVE_ARCH = YES;
				SDKROOT = iphoneos;
			};
			name = Debug;
		};
		BA0CB5411B7E495A001294C3 /* Release */ = {
			isa = XCBuildConfiguration;
			buildSettings = {
				ALWAYS_SEARCH_USER_PATHS = NO;
				CLANG_CXX_LANGUAGE_STANDARD = "gnu++0x";
				CLANG_CXX_LIBRARY = "libc++";
				CLANG_ENABLE_MODULES = YES;
				CLANG_ENABLE_OBJC_ARC = YES;
				CLANG_WARN_BOOL_CONVERSION = YES;
				CLANG_WARN_CONSTANT_CONVERSION = YES;
				CLANG_WARN_DIRECT_OBJC_ISA_USAGE = YES_ERROR;
				CLANG_WARN_EMPTY_BODY = YES;
				CLANG_WARN_ENUM_CONVERSION = YES;
				CLANG_WARN_INT_CONVERSION = YES;
				CLANG_WARN_OBJC_ROOT_CLASS = YES_ERROR;
				CLANG_WARN_UNREACHABLE_CODE = YES;
				CLANG_WARN__DUPLICATE_METHOD_MATCH = YES;
				"CODE_SIGN_IDENTITY[sdk=iphoneos*]" = "iPhone Developer";
				COPY_PHASE_STRIP = NO;
				DEBUG_INFORMATION_FORMAT = "dwarf-with-dsym";
				ENABLE_NS_ASSERTIONS = NO;
				ENABLE_STRICT_OBJC_MSGSEND = YES;
				GCC_C_LANGUAGE_STANDARD = gnu99;
				GCC_NO_COMMON_BLOCKS = YES;
				GCC_WARN_64_TO_32_BIT_CONVERSION = YES;
				GCC_WARN_ABOUT_RETURN_TYPE = YES_ERROR;
				GCC_WARN_UNDECLARED_SELECTOR = YES;
				GCC_WARN_UNINITIALIZED_AUTOS = YES_AGGRESSIVE;
				GCC_WARN_UNUSED_FUNCTION = YES;
				GCC_WARN_UNUSED_VARIABLE = YES;
				IPHONEOS_DEPLOYMENT_TARGET = 8.4;
				MTL_ENABLE_DEBUG_INFO = NO;
				SDKROOT = iphoneos;
				VALIDATE_PRODUCT = YES;
			};
			name = Release;
		};
		BA0CB5431B7E495A001294C3 /* Debug */ = {
			isa = XCBuildConfiguration;
			baseConfigurationReference = 99EBC6EAA9941E666838995E /* Pods-IHakulaInfrastructureTesting.debug.xcconfig */;
			buildSettings = {
				ASSETCATALOG_COMPILER_APPICON_NAME = AppIcon;
				INFOPLIST_FILE = IHakulaInfrastructureTesting/Info.plist;
				LD_RUNPATH_SEARCH_PATHS = "$(inherited) @executable_path/Frameworks";
				PRODUCT_NAME = "$(TARGET_NAME)";
			};
			name = Debug;
		};
		BA0CB5441B7E495A001294C3 /* Release */ = {
			isa = XCBuildConfiguration;
			baseConfigurationReference = EAB9B2BE683BED4359F532B1 /* Pods-IHakulaInfrastructureTesting.release.xcconfig */;
			buildSettings = {
				ASSETCATALOG_COMPILER_APPICON_NAME = AppIcon;
				INFOPLIST_FILE = IHakulaInfrastructureTesting/Info.plist;
				LD_RUNPATH_SEARCH_PATHS = "$(inherited) @executable_path/Frameworks";
				PRODUCT_NAME = "$(TARGET_NAME)";
			};
			name = Release;
		};
		BA0CB5461B7E495A001294C3 /* Debug */ = {
			isa = XCBuildConfiguration;
			buildSettings = {
				BUNDLE_LOADER = "$(TEST_HOST)";
				FRAMEWORK_SEARCH_PATHS = (
					"$(SDKROOT)/Developer/Library/Frameworks",
					"$(inherited)",
				);
				GCC_PREPROCESSOR_DEFINITIONS = (
					"DEBUG=1",
					"$(inherited)",
				);
				INFOPLIST_FILE = IHakulaInfrastructureTestingTests/Info.plist;
				LD_RUNPATH_SEARCH_PATHS = "$(inherited) @executable_path/Frameworks @loader_path/Frameworks";
				PRODUCT_NAME = "$(TARGET_NAME)";
				TEST_HOST = "$(BUILT_PRODUCTS_DIR)/IHakulaInfrastructureTesting.app/IHakulaInfrastructureTesting";
			};
			name = Debug;
		};
		BA0CB5471B7E495A001294C3 /* Release */ = {
			isa = XCBuildConfiguration;
			buildSettings = {
				BUNDLE_LOADER = "$(TEST_HOST)";
				FRAMEWORK_SEARCH_PATHS = (
					"$(SDKROOT)/Developer/Library/Frameworks",
					"$(inherited)",
				);
				INFOPLIST_FILE = IHakulaInfrastructureTestingTests/Info.plist;
				LD_RUNPATH_SEARCH_PATHS = "$(inherited) @executable_path/Frameworks @loader_path/Frameworks";
				PRODUCT_NAME = "$(TARGET_NAME)";
				TEST_HOST = "$(BUILT_PRODUCTS_DIR)/IHakulaInfrastructureTesting.app/IHakulaInfrastructureTesting";
			};
			name = Release;
		};
/* End XCBuildConfiguration section */

/* Begin XCConfigurationList section */
		BA0CB51A1B7E495A001294C3 /* Build configuration list for PBXProject "IHakulaInfrastructureTesting" */ = {
			isa = XCConfigurationList;
			buildConfigurations = (
				BA0CB5401B7E495A001294C3 /* Debug */,
				BA0CB5411B7E495A001294C3 /* Release */,
			);
			defaultConfigurationIsVisible = 0;
			defaultConfigurationName = Release;
		};
		BA0CB5421B7E495A001294C3 /* Build configuration list for PBXNativeTarget "IHakulaInfrastructureTesting" */ = {
			isa = XCConfigurationList;
			buildConfigurations = (
				BA0CB5431B7E495A001294C3 /* Debug */,
				BA0CB5441B7E495A001294C3 /* Release */,
			);
			defaultConfigurationIsVisible = 0;
			defaultConfigurationName = Release;
		};
		BA0CB5451B7E495A001294C3 /* Build configuration list for PBXNativeTarget "IHakulaInfrastructureTestingTests" */ = {
			isa = XCConfigurationList;
			buildConfigurations = (
				BA0CB5461B7E495A001294C3 /* Debug */,
				BA0CB5471B7E495A001294C3 /* Release */,
			);
			defaultConfigurationIsVisible = 0;
			defaultConfigurationName = Release;
		};
/* End XCConfigurationList section */
	};
	rootObject = BA0CB5171B7E495A001294C3 /* Project object */;
}
